
Microsoft Visual Studio Solution File, Format Version 12.00
# Visual Studio Version 16
VisualStudioVersion = 16.0.32228.343
MinimumVisualStudioVersion = 10.0.40219.1
Project("{9A19103F-16F7-4668-BE54-9A1E7A4F7556}") = "NorthwindAPI", "NorthwindAPI\NorthwindAPI.csproj", "{52B57F8B-AF91-413F-868D-D09E3B466EB1}"
EndProject
Project("{FAE04EC0-301F-11D3-BF4B-00C04F79EFBC}") = "RouletteAPI", "RouletteAPI\RouletteAPI.csproj", "{B812EF09-C527-4A09-A4B5-0F34BDB77E3C}"
EndProject
Global
	GlobalSection(SolutionConfigurationPlatforms) = preSolution
		Debug|Any CPU = Debug|Any CPU
		Release|Any CPU = Release|Any CPU
	EndGlobalSection
	GlobalSection(ProjectConfigurationPlatforms) = postSolution
		{52B57F8B-AF91-413F-868D-D09E3B466EB1}.Debug|Any CPU.ActiveCfg = Debug|Any CPU
		{52B57F8B-AF91-413F-868D-D09E3B466EB1}.Debug|Any CPU.Build.0 = Debug|Any CPU
		{52B57F8B-AF91-413F-868D-D09E3B466EB1}.Release|Any CPU.ActiveCfg = Release|Any CPU
		{52B57F8B-AF91-413F-868D-D09E3B466EB1}.Release|Any CPU.Build.0 = Release|Any CPU
		{B812EF09-C527-4A09-A4B5-0F34BDB77E3C}.Debug|Any CPU.ActiveCfg = Debug|Any CPU
		{B812EF09-C527-4A09-A4B5-0F34BDB77E3C}.Debug|Any CPU.Build.0 = Debug|Any CPU
		{B812EF09-C527-4A09-A4B5-0F34BDB77E3C}.Release|Any CPU.ActiveCfg = Release|Any CPU
		{B812EF09-C527-4A09-A4B5-0F34BDB77E3C}.Release|Any CPU.Build.0 = Release|Any CPU
	EndGlobalSection
	GlobalSection(SolutionProperties) = preSolution
		HideSolutionNode = FALSE
	EndGlobalSection
	GlobalSection(ExtensibilityGlobals) = postSolution
		SolutionGuid = {83BF4317-E776-4456-9D04-5D1A2669F305}
	EndGlobalSection
EndGlobal
